
Microsoft Visual Studio Solution File, Format Version 11.00
# Visual Studio 10
Project("{F184B08F-C81C-45F6-A57F-5ABD9991F28F}") = "8-PP-4", "8-PP-4.vbproj", "{35A6A994-8517-4B00-90A2-8DC0F6000E66}"
EndProject
Global
	GlobalSection(SolutionConfigurationPlatforms) = preSolution
		Debug|x86 = Debug|x86
		Release|x86 = Release|x86
	EndGlobalSection
	GlobalSection(ProjectConfigurationPlatforms) = postSolution
		{35A6A994-8517-4B00-90A2-8DC0F6000E66}.Debug|x86.ActiveCfg = Debug|x86
		{35A6A994-8517-4B00-90A2-8DC0F6000E66}.Debug|x86.Build.0 = Debug|x86
		{35A6A994-8517-4B00-90A2-8DC0F6000E66}.Release|x86.ActiveCfg = Release|x86
		{35A6A994-8517-4B00-90A2-8DC0F6000E66}.Release|x86.Build.0 = Release|x86
	EndGlobalSection
	GlobalSection(SolutionProperties) = preSolution
		HideSolutionNode = FALSE
	EndGlobalSection
EndGlobal
